# This file is automatically @generated by Cargo.
# It is not intended for manual editing.
version = 4

[[package]]
name = "unarm"
version = "1.9.1"
source = "registry+https://github.com/rust-lang/crates.io-index"
checksum = "9033ae833829781ce34dc65b6a2ca6dd43a20969c61a75d1e47e23d9d08959e3"

[[package]]
name = "unarm-c"
version = "0.1.0"
dependencies = [
 "unarm",
]
